{
  "name": "round_the_world",
  "version": "1.0.0",
  "lockfileVersion": 1,
  "requires": true,
  "dependencies": {
    "@orange-games/phaser-input": {
      "version": "2.0.5",
      "resolved": "https://registry.npmjs.org/@orange-games/phaser-input/-/phaser-input-2.0.5.tgz",
      "integrity": "sha1-jrLZh8j+3hhcgCQ5UpDFBvc2j8g="
    },
    "phaser-ce": {
      "version": "2.10.6",
      "resolved": "https://registry.npmjs.org/phaser-ce/-/phaser-ce-2.10.6.tgz",
      "integrity": "sha512-Vy2H0CF14dpjdO8xj5EGYUREINz5EfjdRklGYABch5kSktvXkpkrCleeJh7RDE4onihiqhWhH+kz2wh0yv/7fg=="
    }
  }
}
